
Microsoft Visual Studio Solution File, Format Version 12.00
# Visual Studio Version 16
VisualStudioVersion = 16.0.30907.101
MinimumVisualStudioVersion = 10.0.40219.1
Project("{9A19103F-16F7-4668-BE54-9A1E7A4F7556}") = "Payroll", "Payroll\Payroll.csproj", "{245820AD-187A-40E8-8A9F-8A5A2CCD868F}"
EndProject
Project("{9A19103F-16F7-4668-BE54-9A1E7A4F7556}") = "PayrollTests", "PayrollTests\PayrollTests.csproj", "{C81AF3A7-2454-4983-8522-337E9DD0E18F}"
	ProjectSection(ProjectDependencies) = postProject
		{718BF62B-5ABF-44E2-9B07-11C5760C6F06} = {718BF62B-5ABF-44E2-9B07-11C5760C6F06}
	EndProjectSection
EndProject
Project("{9A19103F-16F7-4668-BE54-9A1E7A4F7556}") = "PayrollMySQLDB", "PayrollDB\PayrollMySQLDB.csproj", "{718BF62B-5ABF-44E2-9B07-11C5760C6F06}"
	ProjectSection(ProjectDependencies) = postProject
		{245820AD-187A-40E8-8A9F-8A5A2CCD868F} = {245820AD-187A-40E8-8A9F-8A5A2CCD868F}
	EndProjectSection
EndProject
Project("{9A19103F-16F7-4668-BE54-9A1E7A4F7556}") = "PayrollMySQLDBTest", "PayrollDBTest\PayrollMySQLDBTest.csproj", "{4D55EA9C-C543-4A1C-A9B8-CBC74FABCB2C}"
	ProjectSection(ProjectDependencies) = postProject
		{718BF62B-5ABF-44E2-9B07-11C5760C6F06} = {718BF62B-5ABF-44E2-9B07-11C5760C6F06}
		{245820AD-187A-40E8-8A9F-8A5A2CCD868F} = {245820AD-187A-40E8-8A9F-8A5A2CCD868F}
	EndProjectSection
EndProject
Global
	GlobalSection(SolutionConfigurationPlatforms) = preSolution
		Debug|Any CPU = Debug|Any CPU
		Release|Any CPU = Release|Any CPU
	EndGlobalSection
	GlobalSection(ProjectConfigurationPlatforms) = postSolution
		{245820AD-187A-40E8-8A9F-8A5A2CCD868F}.Debug|Any CPU.ActiveCfg = Debug|Any CPU
		{245820AD-187A-40E8-8A9F-8A5A2CCD868F}.Debug|Any CPU.Build.0 = Debug|Any CPU
		{245820AD-187A-40E8-8A9F-8A5A2CCD868F}.Release|Any CPU.ActiveCfg = Release|Any CPU
		{245820AD-187A-40E8-8A9F-8A5A2CCD868F}.Release|Any CPU.Build.0 = Release|Any CPU
		{C81AF3A7-2454-4983-8522-337E9DD0E18F}.Debug|Any CPU.ActiveCfg = Debug|Any CPU
		{C81AF3A7-2454-4983-8522-337E9DD0E18F}.Debug|Any CPU.Build.0 = Debug|Any CPU
		{C81AF3A7-2454-4983-8522-337E9DD0E18F}.Release|Any CPU.ActiveCfg = Release|Any CPU
		{C81AF3A7-2454-4983-8522-337E9DD0E18F}.Release|Any CPU.Build.0 = Release|Any CPU
		{718BF62B-5ABF-44E2-9B07-11C5760C6F06}.Debug|Any CPU.ActiveCfg = Debug|Any CPU
		{718BF62B-5ABF-44E2-9B07-11C5760C6F06}.Debug|Any CPU.Build.0 = Debug|Any CPU
		{718BF62B-5ABF-44E2-9B07-11C5760C6F06}.Release|Any CPU.ActiveCfg = Release|Any CPU
		{718BF62B-5ABF-44E2-9B07-11C5760C6F06}.Release|Any CPU.Build.0 = Release|Any CPU
		{4D55EA9C-C543-4A1C-A9B8-CBC74FABCB2C}.Debug|Any CPU.ActiveCfg = Debug|Any CPU
		{4D55EA9C-C543-4A1C-A9B8-CBC74FABCB2C}.Debug|Any CPU.Build.0 = Debug|Any CPU
		{4D55EA9C-C543-4A1C-A9B8-CBC74FABCB2C}.Release|Any CPU.ActiveCfg = Release|Any CPU
		{4D55EA9C-C543-4A1C-A9B8-CBC74FABCB2C}.Release|Any CPU.Build.0 = Release|Any CPU
	EndGlobalSection
	GlobalSection(SolutionProperties) = preSolution
		HideSolutionNode = FALSE
	EndGlobalSection
	GlobalSection(ExtensibilityGlobals) = postSolution
		SolutionGuid = {134C8138-1BEC-4ECA-8B8B-6E5605E4FECD}
	EndGlobalSection
EndGlobal
